
Microsoft Visual Studio Solution File, Format Version 12.00
# Visual Studio Version 17
VisualStudioVersion = 17.7.34302.85
MinimumVisualStudioVersion = 10.0.40219.1
Project("{FAE04EC0-301F-11D3-BF4B-00C04F79EFBC}") = "CalculateArea", "CalculateArea\CalculateArea.csproj", "{DA1CDAB5-3D34-43E3-9171-1D847BBC843E}"
EndProject
Global
	GlobalSection(SolutionConfigurationPlatforms) = preSolution
		Debug|Any CPU = Debug|Any CPU
		Release|Any CPU = Release|Any CPU
	EndGlobalSection
	GlobalSection(ProjectConfigurationPlatforms) = postSolution
		{DA1CDAB5-3D34-43E3-9171-1D847BBC843E}.Debug|Any CPU.ActiveCfg = Debug|Any CPU
		{DA1CDAB5-3D34-43E3-9171-1D847BBC843E}.Debug|Any CPU.Build.0 = Debug|Any CPU
		{DA1CDAB5-3D34-43E3-9171-1D847BBC843E}.Release|Any CPU.ActiveCfg = Release|Any CPU
		{DA1CDAB5-3D34-43E3-9171-1D847BBC843E}.Release|Any CPU.Build.0 = Release|Any CPU
	EndGlobalSection
	GlobalSection(SolutionProperties) = preSolution
		HideSolutionNode = FALSE
	EndGlobalSection
	GlobalSection(ExtensibilityGlobals) = postSolution
		SolutionGuid = {DFEFB9A0-B104-4DA0-829A-B8AA0393C651}
	EndGlobalSection
EndGlobal
