
Microsoft Visual Studio Solution File, Format Version 12.00
# Visual Studio Version 17
VisualStudioVersion = 17.7.34302.85
MinimumVisualStudioVersion = 10.0.40219.1
Project("{FAE04EC0-301F-11D3-BF4B-00C04F79EFBC}") = "StaticClass", "StaticClass\StaticClass.csproj", "{3FBA644C-E52A-4DFF-81F7-3AFC5EB69E50}"
EndProject
Global
	GlobalSection(SolutionConfigurationPlatforms) = preSolution
		Debug|Any CPU = Debug|Any CPU
		Release|Any CPU = Release|Any CPU
	EndGlobalSection
	GlobalSection(ProjectConfigurationPlatforms) = postSolution
		{3FBA644C-E52A-4DFF-81F7-3AFC5EB69E50}.Debug|Any CPU.ActiveCfg = Debug|Any CPU
		{3FBA644C-E52A-4DFF-81F7-3AFC5EB69E50}.Debug|Any CPU.Build.0 = Debug|Any CPU
		{3FBA644C-E52A-4DFF-81F7-3AFC5EB69E50}.Release|Any CPU.ActiveCfg = Release|Any CPU
		{3FBA644C-E52A-4DFF-81F7-3AFC5EB69E50}.Release|Any CPU.Build.0 = Release|Any CPU
	EndGlobalSection
	GlobalSection(SolutionProperties) = preSolution
		HideSolutionNode = FALSE
	EndGlobalSection
	GlobalSection(ExtensibilityGlobals) = postSolution
		SolutionGuid = {EF0AEA1F-C65D-4926-B5AD-AB1E136F7321}
	EndGlobalSection
EndGlobal
