
Microsoft Visual Studio Solution File, Format Version 12.00
# Visual Studio Version 17
VisualStudioVersion = 17.6.33815.320
MinimumVisualStudioVersion = 10.0.40219.1
Project("{FAE04EC0-301F-11D3-BF4B-00C04F79EFBC}") = "SwitchCase", "SwitchCase\SwitchCase.csproj", "{97CE238C-182B-464D-90CA-065D6E88512D}"
EndProject
Global
	GlobalSection(SolutionConfigurationPlatforms) = preSolution
		Debug|Any CPU = Debug|Any CPU
		Release|Any CPU = Release|Any CPU
	EndGlobalSection
	GlobalSection(ProjectConfigurationPlatforms) = postSolution
		{97CE238C-182B-464D-90CA-065D6E88512D}.Debug|Any CPU.ActiveCfg = Debug|Any CPU
		{97CE238C-182B-464D-90CA-065D6E88512D}.Debug|Any CPU.Build.0 = Debug|Any CPU
		{97CE238C-182B-464D-90CA-065D6E88512D}.Release|Any CPU.ActiveCfg = Release|Any CPU
		{97CE238C-182B-464D-90CA-065D6E88512D}.Release|Any CPU.Build.0 = Release|Any CPU
	EndGlobalSection
	GlobalSection(SolutionProperties) = preSolution
		HideSolutionNode = FALSE
	EndGlobalSection
	GlobalSection(ExtensibilityGlobals) = postSolution
		SolutionGuid = {84056D1B-44A2-41DC-BEC9-5AD7EC515BA5}
	EndGlobalSection
EndGlobal
